// !$*UTF8*$!
{
	archiveVersion = 1;
	classes = {
	};
	objectVersion = 46;
	objects = {

/* Begin PBXBuildFile section */
		CD0A50BF1B678ABB009D0579 /* AppDelegate.swift in Sources */ = {isa = PBXBuildFile; fileRef = CD0A50BE1B678ABB009D0579 /* AppDelegate.swift */; };
		CD0A50C11B678ABB009D0579 /* ViewController.swift in Sources */ = {isa = PBXBuildFile; fileRef = CD0A50C01B678ABB009D0579 /* ViewController.swift */; };
		CD0A50C41B678ABB009D0579 /* Main.storyboard in Resources */ = {isa = PBXBuildFile; fileRef = CD0A50C21B678ABB009D0579 /* Main.storyboard */; };
		CD0A50C61B678ABB009D0579 /* Images.xcassets in Resources */ = {isa = PBXBuildFile; fileRef = CD0A50C51B678ABB009D0579 /* Images.xcassets */; };
		CD0A50C91B678ABB009D0579 /* LaunchScreen.xib in Resources */ = {isa = PBXBuildFile; fileRef = CD0A50C71B678ABB009D0579 /* LaunchScreen.xib */; };
		CD0A50D51B678ABC009D0579 /* comicScroll_SoundEffectTests.swift in Sources */ = {isa = PBXBuildFile; fileRef = CD0A50D41B678ABC009D0579 /* comicScroll_SoundEffectTests.swift */; };
/* End PBXBuildFile section */

/* Begin PBXContainerItemProxy section */
		CD0A50CF1B678ABC009D0579 /* PBXContainerItemProxy */ = {
			isa = PBXContainerItemProxy;
			containerPortal = CD0A50B11B678ABB009D0579 /* Project object */;
			proxyType = 1;
			remoteGlobalIDString = CD0A50B81B678ABB009D0579;
			remoteInfo = comicScroll_SoundEffect;
		};
/* End PBXContainerItemProxy section */

/* Begin PBXFileReference section */
		CD0A50B91B678ABB009D0579 /* comicScroll_SoundEffect.app */ = {isa = PBXFileReference; explicitFileType = wrapper.application; includeInIndex = 0; path = comicScroll_SoundEffect.app; sourceTree = BUILT_PRODUCTS_DIR; };
		CD0A50BD1B678ABB009D0579 /* Info.plist */ = {isa = PBXFileReference; lastKnownFileType = text.plist.xml; path = Info.plist; sourceTree = "<group>"; };
		CD0A50BE1B678ABB009D0579 /* AppDelegate.swift */ = {isa = PBXFileReference; lastKnownFileType = sourcecode.swift; path = AppDelegate.swift; sourceTree = "<group>"; };
		CD0A50C01B678ABB009D0579 /* ViewController.swift */ = {isa = PBXFileReference; lastKnownFileType = sourcecode.swift; path = ViewController.swift; sourceTree = "<group>"; };
		CD0A50C31B678ABB009D0579 /* Base */ = {isa = PBXFileReference; lastKnownFileType = file.storyboard; name = Base; path = Base.lproj/Main.storyboard; sourceTree = "<group>"; };
		CD0A50C51B678ABB009D0579 /* Images.xcassets */ = {isa = PBXFileReference; lastKnownFileType = folder.assetcatalog; path = Images.xcassets; sourceTree = "<group>"; };
		CD0A50C81B678ABB009D0579 /* Base */ = {isa = PBXFileReference; lastKnownFileType = file.xib; name = Base; path = Base.lproj/LaunchScreen.xib; sourceTree = "<group>"; };
		CD0A50CE1B678ABC009D0579 /* comicScroll_SoundEffectTests.xctest */ = {isa = PBXFileReference; explicitFileType = wrapper.cfbundle; includeInIndex = 0; path = comicScroll_SoundEffectTests.xctest; sourceTree = BUILT_PRODUCTS_DIR; };
		CD0A50D31B678ABC009D0579 /* Info.plist */ = {isa = PBXFileReference; lastKnownFileType = text.plist.xml; path = Info.plist; sourceTree = "<group>"; };
		CD0A50D41B678ABC009D0579 /* comicScroll_SoundEffectTests.swift */ = {isa = PBXFileReference; lastKnownFileType = sourcecode.swift; path = comicScroll_SoundEffectTests.swift; sourceTree = "<group>"; };
/* End PBXFileReference section */

/* Begin PBXFrameworksBuildPhase section */
		CD0A50B61B678ABB009D0579 /* Frameworks */ = {
			isa = PBXFrameworksBuildPhase;
			buildActionMask = 2147483647;
			files = (
			);
			runOnlyForDeploymentPostprocessing = 0;
		};
		CD0A50CB1B678ABC009D0579 /* Frameworks */ = {
			isa = PBXFrameworksBuildPhase;
			buildActionMask = 2147483647;
			files = (
			);
			runOnlyForDeploymentPostprocessing = 0;
		};
/* End PBXFrameworksBuildPhase section */

/* Begin PBXGroup section */
		CD0A50B01B678ABB009D0579 = {
			isa = PBXGroup;
			children = (
				CD0A50BB1B678ABB009D0579 /* comicScroll_SoundEffect */,
				CD0A50D11B678ABC009D0579 /* comicScroll_SoundEffectTests */,
				CD0A50BA1B678ABB009D0579 /* Products */,
			);
			sourceTree = "<group>";
		};
		CD0A50BA1B678ABB009D0579 /* Products */ = {
			isa = PBXGroup;
			children = (
				CD0A50B91B678ABB009D0579 /* comicScroll_SoundEffect.app */,
				CD0A50CE1B678ABC009D0579 /* comicScroll_SoundEffectTests.xctest */,
			);
			name = Products;
			sourceTree = "<group>";
		};
		CD0A50BB1B678ABB009D0579 /* comicScroll_SoundEffect */ = {
			isa = PBXGroup;
			children = (
				CD0A50BE1B678ABB009D0579 /* AppDelegate.swift */,
				CD0A50C01B678ABB009D0579 /* ViewController.swift */,
				CD0A50C21B678ABB009D0579 /* Main.storyboard */,
				CD0A50C51B678ABB009D0579 /* Images.xcassets */,
				CD0A50C71B678ABB009D0579 /* LaunchScreen.xib */,
				CD0A50BC1B678ABB009D0579 /* Supporting Files */,
			);
			path = comicScroll_SoundEffect;
			sourceTree = "<group>";
		};
		CD0A50BC1B678ABB009D0579 /* Supporting Files */ = {
			isa = PBXGroup;
			children = (
				CD0A50BD1B678ABB009D0579 /* Info.plist */,
			);
			name = "Supporting Files";
			sourceTree = "<group>";
		};
		CD0A50D11B678ABC009D0579 /* comicScroll_SoundEffectTests */ = {
			isa = PBXGroup;
			children = (
				CD0A50D41B678ABC009D0579 /* comicScroll_SoundEffectTests.swift */,
				CD0A50D21B678ABC009D0579 /* Supporting Files */,
			);
			path = comicScroll_SoundEffectTests;
			sourceTree = "<group>";
		};
		CD0A50D21B678ABC009D0579 /* Supporting Files */ = {
			isa = PBXGroup;
			children = (
				CD0A50D31B678ABC009D0579 /* Info.plist */,
			);
			name = "Supporting Files";
			sourceTree = "<group>";
		};
/* End PBXGroup section */

/* Begin PBXNativeTarget section */
		CD0A50B81B678ABB009D0579 /* comicScroll_SoundEffect */ = {
			isa = PBXNativeTarget;
			buildConfigurationList = CD0A50D81B678ABC009D0579 /* Build configuration list for PBXNativeTarget "comicScroll_SoundEffect" */;
			buildPhases = (
				CD0A50B51B678ABB009D0579 /* Sources */,
				CD0A50B61B678ABB009D0579 /* Frameworks */,
				CD0A50B71B678ABB009D0579 /* Resources */,
			);
			buildRules = (
			);
			dependencies = (
			);
			name = comicScroll_SoundEffect;
			productName = comicScroll_SoundEffect;
			productReference = CD0A50B91B678ABB009D0579 /* comicScroll_SoundEffect.app */;
			productType = "com.apple.product-type.application";
		};
		CD0A50CD1B678ABC009D0579 /* comicScroll_SoundEffectTests */ = {
			isa = PBXNativeTarget;
			buildConfigurationList = CD0A50DB1B678ABC009D0579 /* Build configuration list for PBXNativeTarget "comicScroll_SoundEffectTests" */;
			buildPhases = (
				CD0A50CA1B678ABC009D0579 /* Sources */,
				CD0A50CB1B678ABC009D0579 /* Frameworks */,
				CD0A50CC1B678ABC009D0579 /* Resources */,
			);
			buildRules = (
			);
			dependencies = (
				CD0A50D01B678ABC009D0579 /* PBXTargetDependency */,
			);
			name = comicScroll_SoundEffectTests;
			productName = comicScroll_SoundEffectTests;
			productReference = CD0A50CE1B678ABC009D0579 /* comicScroll_SoundEffectTests.xctest */;
			productType = "com.apple.product-type.bundle.unit-test";
		};
/* End PBXNativeTarget section */

/* Begin PBXProject section */
		CD0A50B11B678ABB009D0579 /* Project object */ = {
			isa = PBXProject;
			attributes = {
				LastUpgradeCheck = 0640;
				ORGANIZATIONNAME = astrotom;
				TargetAttributes = {
					CD0A50B81B678ABB009D0579 = {
						CreatedOnToolsVersion = 6.4;
					};
					CD0A50CD1B678ABC009D0579 = {
						CreatedOnToolsVersion = 6.4;
						TestTargetID = CD0A50B81B678ABB009D0579;
					};
				};
			};
			buildConfigurationList = CD0A50B41B678ABB009D0579 /* Build configuration list for PBXProject "comicScroll_SoundEffect" */;
			compatibilityVersion = "Xcode 3.2";
			developmentRegion = English;
			hasScannedForEncodings = 0;
			knownRegions = (
				en,
				Base,
			);
			mainGroup = CD0A50B01B678ABB009D0579;
			productRefGroup = CD0A50BA1B678ABB009D0579 /* Products */;
			projectDirPath = "";
			projectRoot = "";
			targets = (
				CD0A50B81B678ABB009D0579 /* comicScroll_SoundEffect */,
				CD0A50CD1B678ABC009D0579 /* comicScroll_SoundEffectTests */,
			);
		};
/* End PBXProject section */

/* Begin PBXResourcesBuildPhase section */
		CD0A50B71B678ABB009D0579 /* Resources */ = {
			isa = PBXResourcesBuildPhase;
			buildActionMask = 2147483647;
			files = (
				CD0A50C41B678ABB009D0579 /* Main.storyboard in Resources */,
				CD0A50C91B678ABB009D0579 /* LaunchScreen.xib in Resources */,
				CD0A50C61B678ABB009D0579 /* Images.xcassets in Resources */,
			);
			runOnlyForDeploymentPostprocessing = 0;
		};
		CD0A50CC1B678ABC009D0579 /* Resources */ = {
			isa = PBXResourcesBuildPhase;
			buildActionMask = 2147483647;
			files = (
			);
			runOnlyForDeploymentPostprocessing = 0;
		};
/* End PBXResourcesBuildPhase section */

/* Begin PBXSourcesBuildPhase section */
		CD0A50B51B678ABB009D0579 /* Sources */ = {
			isa = PBXSourcesBuildPhase;
			buildActionMask = 2147483647;
			files = (
				CD0A50C11B678ABB009D0579 /* ViewController.swift in Sources */,
				CD0A50BF1B678ABB009D0579 /* AppDelegate.swift in Sources */,
			);
			runOnlyForDeploymentPostprocessing = 0;
		};
		CD0A50CA1B678ABC009D0579 /* Sources */ = {
			isa = PBXSourcesBuildPhase;
			buildActionMask = 2147483647;
			files = (
				CD0A50D51B678ABC009D0579 /* comicScroll_SoundEffectTests.swift in Sources */,
			);
			runOnlyForDeploymentPostprocessing = 0;
		};
/* End PBXSourcesBuildPhase section */

/* Begin PBXTargetDependency section */
		CD0A50D01B678ABC009D0579 /* PBXTargetDependency */ = {
			isa = PBXTargetDependency;
			target = CD0A50B81B678ABB009D0579 /* comicScroll_SoundEffect */;
			targetProxy = CD0A50CF1B678ABC009D0579 /* PBXContainerItemProxy */;
		};
/* End PBXTargetDependency section */

/* Begin PBXVariantGroup section */
		CD0A50C21B678ABB009D0579 /* Main.storyboard */ = {
			isa = PBXVariantGroup;
			children = (
				CD0A50C31B678ABB009D0579 /* Base */,
			);
			name = Main.storyboard;
			sourceTree = "<group>";
		};
		CD0A50C71B678ABB009D0579 /* LaunchScreen.xib */ = {
			isa = PBXVariantGroup;
			children = (
				CD0A50C81B678ABB009D0579 /* Base */,
			);
			name = LaunchScreen.xib;
			sourceTree = "<group>";
		};
/* End PBXVariantGroup section */

/* Begin XCBuildConfiguration section */
		CD0A50D61B678ABC009D0579 /* Debug */ = {
			isa = XCBuildConfiguration;
			buildSettings = {
				ALWAYS_SEARCH_USER_PATHS = NO;
				CLANG_CXX_LANGUAGE_STANDARD = "gnu++0x";
				CLANG_CXX_LIBRARY = "libc++";
				CLANG_ENABLE_MODULES = YES;
				CLANG_ENABLE_OBJC_ARC = YES;
				CLANG_WARN_BOOL_CONVERSION = YES;
				CLANG_WARN_CONSTANT_CONVERSION = YES;
				CLANG_WARN_DIRECT_OBJC_ISA_USAGE = YES_ERROR;
				CLANG_WARN_EMPTY_BODY = YES;
				CLANG_WARN_ENUM_CONVERSION = YES;
				CLANG_WARN_INT_CONVERSION = YES;
				CLANG_WARN_OBJC_ROOT_CLASS = YES_ERROR;
				CLANG_WARN_UNREACHABLE_CODE = YES;
				CLANG_WARN__DUPLICATE_METHOD_MATCH = YES;
				"CODE_SIGN_IDENTITY[sdk=iphoneos*]" = "iPhone Developer";
				COPY_PHASE_STRIP = NO;
				DEBUG_INFORMATION_FORMAT = "dwarf-with-dsym";
				ENABLE_STRICT_OBJC_MSGSEND = YES;
				GCC_C_LANGUAGE_STANDARD = gnu99;
				GCC_DYNAMIC_NO_PIC = NO;
				GCC_NO_COMMON_BLOCKS = YES;
				GCC_OPTIMIZATION_LEVEL = 0;
				GCC_PREPROCESSOR_DEFINITIONS = (
					"DEBUG=1",
					"$(inherited)",
				);
				GCC_SYMBOLS_PRIVATE_EXTERN = NO;
				GCC_WARN_64_TO_32_BIT_CONVERSION = YES;
				GCC_WARN_ABOUT_RETURN_TYPE = YES_ERROR;
				GCC_WARN_UNDECLARED_SELECTOR = YES;
				GCC_WARN_UNINITIALIZED_AUTOS = YES_AGGRESSIVE;
				GCC_WARN_UNUSED_FUNCTION = YES;
				GCC_WARN_UNUSED_VARIABLE = YES;
				IPHONEOS_DEPLOYMENT_TARGET = 8.4;
				MTL_ENABLE_DEBUG_INFO = YES;
				ONLY_ACTIVE_ARCH = YES;
				SDKROOT = iphoneos;
				SWIFT_OPTIMIZATION_LEVEL = "-Onone";
			};
			name = Debug;
		};
		CD0A50D71B678ABC009D0579 /* Release */ = {
			isa = XCBuildConfiguration;
			buildSettings = {
				ALWAYS_SEARCH_USER_PATHS = NO;
				CLANG_CXX_LANGUAGE_STANDARD = "gnu++0x";
				CLANG_CXX_LIBRARY = "libc++";
				CLANG_ENABLE_MODULES = YES;
				CLANG_ENABLE_OBJC_ARC = YES;
				CLANG_WARN_BOOL_CONVERSION = YES;
				CLANG_WARN_CONSTANT_CONVERSION = YES;
				CLANG_WARN_DIRECT_OBJC_ISA_USAGE = YES_ERROR;
				CLANG_WARN_EMPTY_BODY = YES;
				CLANG_WARN_ENUM_CONVERSION = YES;
				CLANG_WARN_INT_CONVERSION = YES;
				CLANG_WARN_OBJC_ROOT_CLASS = YES_ERROR;
				CLANG_WARN_UNREACHABLE_CODE = YES;
				CLANG_WARN__DUPLICATE_METHOD_MATCH = YES;
				"CODE_SIGN_IDENTITY[sdk=iphoneos*]" = "iPhone Developer";
				COPY_PHASE_STRIP = NO;
				DEBUG_INFORMATION_FORMAT = "dwarf-with-dsym";
				ENABLE_NS_ASSERTIONS = NO;
				ENABLE_STRICT_OBJC_MSGSEND = YES;
				GCC_C_LANGUAGE_STANDARD = gnu99;
				GCC_NO_COMMON_BLOCKS = YES;
				GCC_WARN_64_TO_32_BIT_CONVERSION = YES;
				GCC_WARN_ABOUT_RETURN_TYPE = YES_ERROR;
				GCC_WARN_UNDECLARED_SELECTOR = YES;
				GCC_WARN_UNINITIALIZED_AUTOS = YES_AGGRESSIVE;
				GCC_WARN_UNUSED_FUNCTION = YES;
				GCC_WARN_UNUSED_VARIABLE = YES;
				IPHONEOS_DEPLOYMENT_TARGET = 8.4;
				MTL_ENABLE_DEBUG_INFO = NO;
				SDKROOT = iphoneos;
				VALIDATE_PRODUCT = YES;
			};
			name = Release;
		};
		CD0A50D91B678ABC009D0579 /* Debug */ = {
			isa = XCBuildConfiguration;
			buildSettings = {
				ASSETCATALOG_COMPILER_APPICON_NAME = AppIcon;
				INFOPLIST_FILE = comicScroll_SoundEffect/Info.plist;
				LD_RUNPATH_SEARCH_PATHS = "$(inherited) @executable_path/Frameworks";
				PRODUCT_NAME = "$(TARGET_NAME)";
			};
			name = Debug;
		};
		CD0A50DA1B678ABC009D0579 /* Release */ = {
			isa = XCBuildConfiguration;
			buildSettings = {
				ASSETCATALOG_COMPILER_APPICON_NAME = AppIcon;
				INFOPLIST_FILE = comicScroll_SoundEffect/Info.plist;
				LD_RUNPATH_SEARCH_PATHS = "$(inherited) @executable_path/Frameworks";
				PRODUCT_NAME = "$(TARGET_NAME)";
			};
			name = Release;
		};
		CD0A50DC1B678ABC009D0579 /* Debug */ = {
			isa = XCBuildConfiguration;
			buildSettings = {
				BUNDLE_LOADER = "$(TEST_HOST)";
				FRAMEWORK_SEARCH_PATHS = (
					"$(SDKROOT)/Developer/Library/Frameworks",
					"$(inherited)",
				);
				GCC_PREPROCESSOR_DEFINITIONS = (
					"DEBUG=1",
					"$(inherited)",
				);
				INFOPLIST_FILE = comicScroll_SoundEffectTests/Info.plist;
				LD_RUNPATH_SEARCH_PATHS = "$(inherited) @executable_path/Frameworks @loader_path/Frameworks";
				PRODUCT_NAME = "$(TARGET_NAME)";
				TEST_HOST = "$(BUILT_PRODUCTS_DIR)/comicScroll_SoundEffect.app/comicScroll_SoundEffect";
			};
			name = Debug;
		};
		CD0A50DD1B678ABC009D0579 /* Release */ = {
			isa = XCBuildConfiguration;
			buildSettings = {
				BUNDLE_LOADER = "$(TEST_HOST)";
				FRAMEWORK_SEARCH_PATHS = (
					"$(SDKROOT)/Developer/Library/Frameworks",
					"$(inherited)",
				);
				INFOPLIST_FILE = comicScroll_SoundEffectTests/Info.plist;
				LD_RUNPATH_SEARCH_PATHS = "$(inherited) @executable_path/Frameworks @loader_path/Frameworks";
				PRODUCT_NAME = "$(TARGET_NAME)";
				TEST_HOST = "$(BUILT_PRODUCTS_DIR)/comicScroll_SoundEffect.app/comicScroll_SoundEffect";
			};
			name = Release;
		};
/* End XCBuildConfiguration section */

/* Begin XCConfigurationList section */
		CD0A50B41B678ABB009D0579 /* Build configuration list for PBXProject "comicScroll_SoundEffect" */ = {
			isa = XCConfigurationList;
			buildConfigurations = (
				CD0A50D61B678ABC009D0579 /* Debug */,
				CD0A50D71B678ABC009D0579 /* Release */,
			);
			defaultConfigurationIsVisible = 0;
			defaultConfigurationName = Release;
		};
		CD0A50D81B678ABC009D0579 /* Build configuration list for PBXNativeTarget "comicScroll_SoundEffect" */ = {
			isa = XCConfigurationList;
			buildConfigurations = (
				CD0A50D91B678ABC009D0579 /* Debug */,
				CD0A50DA1B678ABC009D0579 /* Release */,
			);
			defaultConfigurationIsVisible = 0;
		};
		CD0A50DB1B678ABC009D0579 /* Build configuration list for PBXNativeTarget "comicScroll_SoundEffectTests" */ = {
			isa = XCConfigurationList;
			buildConfigurations = (
				CD0A50DC1B678ABC009D0579 /* Debug */,
				CD0A50DD1B678ABC009D0579 /* Release */,
			);
			defaultConfigurationIsVisible = 0;
		};
/* End XCConfigurationList section */
	};
	rootObject = CD0A50B11B678ABB009D0579 /* Project object */;
}
